
Microsoft Visual Studio Solution File, Format Version 12.00
# Visual Studio Version 17
VisualStudioVersion = 17.5.33530.505
MinimumVisualStudioVersion = 10.0.40219.1
Project("{FAE04EC0-301F-11D3-BF4B-00C04F79EFBC}") = "ow-lifeweaver-rebind", "ow-lifeweaver-rebind.csproj", "{91CD1565-FC87-43F3-9134-89CB5A27769F}"
EndProject
Global
	GlobalSection(SolutionConfigurationPlatforms) = preSolution
		Debug|Any CPU = Debug|Any CPU
		Release|Any CPU = Release|Any CPU
	EndGlobalSection
	GlobalSection(ProjectConfigurationPlatforms) = postSolution
		{91CD1565-FC87-43F3-9134-89CB5A27769F}.Debug|Any CPU.ActiveCfg = Debug|Any CPU
		{91CD1565-FC87-43F3-9134-89CB5A27769F}.Debug|Any CPU.Build.0 = Debug|Any CPU
		{91CD1565-FC87-43F3-9134-89CB5A27769F}.Release|Any CPU.ActiveCfg = Release|Any CPU
		{91CD1565-FC87-43F3-9134-89CB5A27769F}.Release|Any CPU.Build.0 = Release|Any CPU
	EndGlobalSection
	GlobalSection(SolutionProperties) = preSolution
		HideSolutionNode = FALSE
	EndGlobalSection
	GlobalSection(ExtensibilityGlobals) = postSolution
		SolutionGuid = {79BA8932-28DD-483A-A80D-B9690B96C8A5}
	EndGlobalSection
EndGlobal
